// !$*UTF8*$!
{
	archiveVersion = 1;
	classes = {
	};
	objectVersion = 56;
	objects = {

/* Begin PBXBuildFile section */
		F861E3BC2A606B150052AE3F /* AddAccount.swift in Sources */ = {isa = PBXBuildFile; fileRef = F861E3BB2A606B150052AE3F /* AddAccount.swift */; };
		F861E3BE2A606C0E0052AE3F /* AccountModel.swift in Sources */ = {isa = PBXBuildFile; fileRef = F861E3BD2A606C0E0052AE3F /* AccountModel.swift */; };
		F861E3CC2A606C7A0052AE3F /* Data.framework in Frameworks */ = {isa = PBXBuildFile; fileRef = F861E3C42A606C7A0052AE3F /* Data.framework */; };
		F861E3D12A606C7A0052AE3F /* RemoteAddAccountTests.swift in Sources */ = {isa = PBXBuildFile; fileRef = F861E3D02A606C7A0052AE3F /* RemoteAddAccountTests.swift */; };
		F861E3DA2A606CDB0052AE3F /* Domain.framework in Frameworks */ = {isa = PBXBuildFile; fileRef = F861E3B42A60684F0052AE3F /* Domain.framework */; };
		F861E3DB2A606CDB0052AE3F /* Domain.framework in Embed Frameworks */ = {isa = PBXBuildFile; fileRef = F861E3B42A60684F0052AE3F /* Domain.framework */; settings = {ATTRIBUTES = (CodeSignOnCopy, RemoveHeadersOnCopy, ); }; };
		F8F1B6E52A61BC7A007AA978 /* Model.swift in Sources */ = {isa = PBXBuildFile; fileRef = F8F1B6E42A61BC7A007AA978 /* Model.swift */; };
		F8F1B6E72A61C014007AA978 /* RemoteAddAccount.swift in Sources */ = {isa = PBXBuildFile; fileRef = F8F1B6E62A61C014007AA978 /* RemoteAddAccount.swift */; };
		F8F1B6E92A61C055007AA978 /* HttpPostClient.swift in Sources */ = {isa = PBXBuildFile; fileRef = F8F1B6E82A61C055007AA978 /* HttpPostClient.swift */; };
		F8F1B6F12A61D9C2007AA978 /* DomainError.swift in Sources */ = {isa = PBXBuildFile; fileRef = F8F1B6F02A61D9C2007AA978 /* DomainError.swift */; };
		F8F1B6F32A61DE69007AA978 /* HttpError.swift in Sources */ = {isa = PBXBuildFile; fileRef = F8F1B6F22A61DE69007AA978 /* HttpError.swift */; };
/* End PBXBuildFile section */

/* Begin PBXContainerItemProxy section */
		F861E3CD2A606C7A0052AE3F /* PBXContainerItemProxy */ = {
			isa = PBXContainerItemProxy;
			containerPortal = F861E39C2A6067A50052AE3F /* Project object */;
			proxyType = 1;
			remoteGlobalIDString = F861E3C32A606C7A0052AE3F;
			remoteInfo = Data;
		};
		F861E3DC2A606CDB0052AE3F /* PBXContainerItemProxy */ = {
			isa = PBXContainerItemProxy;
			containerPortal = F861E39C2A6067A50052AE3F /* Project object */;
			proxyType = 1;
			remoteGlobalIDString = F861E3B32A60684F0052AE3F;
			remoteInfo = Domain;
		};
/* End PBXContainerItemProxy section */

/* Begin PBXCopyFilesBuildPhase section */
		F861E3DE2A606CDB0052AE3F /* Embed Frameworks */ = {
			isa = PBXCopyFilesBuildPhase;
			buildActionMask = 2147483647;
			dstPath = "";
			dstSubfolderSpec = 10;
			files = (
				F861E3DB2A606CDB0052AE3F /* Domain.framework in Embed Frameworks */,
			);
			name = "Embed Frameworks";
			runOnlyForDeploymentPostprocessing = 0;
		};
/* End PBXCopyFilesBuildPhase section */

/* Begin PBXFileReference section */
		F861E3B42A60684F0052AE3F /* Domain.framework */ = {isa = PBXFileReference; explicitFileType = wrapper.framework; includeInIndex = 0; path = Domain.framework; sourceTree = BUILT_PRODUCTS_DIR; };
		F861E3BB2A606B150052AE3F /* AddAccount.swift */ = {isa = PBXFileReference; lastKnownFileType = sourcecode.swift; path = AddAccount.swift; sourceTree = "<group>"; };
		F861E3BD2A606C0E0052AE3F /* AccountModel.swift */ = {isa = PBXFileReference; lastKnownFileType = sourcecode.swift; path = AccountModel.swift; sourceTree = "<group>"; };
		F861E3C42A606C7A0052AE3F /* Data.framework */ = {isa = PBXFileReference; explicitFileType = wrapper.framework; includeInIndex = 0; path = Data.framework; sourceTree = BUILT_PRODUCTS_DIR; };
		F861E3CB2A606C7A0052AE3F /* DataTests.xctest */ = {isa = PBXFileReference; explicitFileType = wrapper.cfbundle; includeInIndex = 0; path = DataTests.xctest; sourceTree = BUILT_PRODUCTS_DIR; };
		F861E3D02A606C7A0052AE3F /* RemoteAddAccountTests.swift */ = {isa = PBXFileReference; lastKnownFileType = sourcecode.swift; path = RemoteAddAccountTests.swift; sourceTree = "<group>"; };
		F8F1B6E42A61BC7A007AA978 /* Model.swift */ = {isa = PBXFileReference; lastKnownFileType = sourcecode.swift; path = Model.swift; sourceTree = "<group>"; };
		F8F1B6E62A61C014007AA978 /* RemoteAddAccount.swift */ = {isa = PBXFileReference; lastKnownFileType = sourcecode.swift; path = RemoteAddAccount.swift; sourceTree = "<group>"; };
		F8F1B6E82A61C055007AA978 /* HttpPostClient.swift */ = {isa = PBXFileReference; lastKnownFileType = sourcecode.swift; path = HttpPostClient.swift; sourceTree = "<group>"; };
		F8F1B6F02A61D9C2007AA978 /* DomainError.swift */ = {isa = PBXFileReference; lastKnownFileType = sourcecode.swift; path = DomainError.swift; sourceTree = "<group>"; };
		F8F1B6F22A61DE69007AA978 /* HttpError.swift */ = {isa = PBXFileReference; lastKnownFileType = sourcecode.swift; path = HttpError.swift; sourceTree = "<group>"; };
/* End PBXFileReference section */

/* Begin PBXFrameworksBuildPhase section */
		F861E3B12A60684F0052AE3F /* Frameworks */ = {
			isa = PBXFrameworksBuildPhase;
			buildActionMask = 2147483647;
			files = (
			);
			runOnlyForDeploymentPostprocessing = 0;
		};
		F861E3C12A606C7A0052AE3F /* Frameworks */ = {
			isa = PBXFrameworksBuildPhase;
			buildActionMask = 2147483647;
			files = (
				F861E3DA2A606CDB0052AE3F /* Domain.framework in Frameworks */,
			);
			runOnlyForDeploymentPostprocessing = 0;
		};
		F861E3C82A606C7A0052AE3F /* Frameworks */ = {
			isa = PBXFrameworksBuildPhase;
			buildActionMask = 2147483647;
			files = (
				F861E3CC2A606C7A0052AE3F /* Data.framework in Frameworks */,
			);
			runOnlyForDeploymentPostprocessing = 0;
		};
/* End PBXFrameworksBuildPhase section */

/* Begin PBXGroup section */
		F861E39B2A6067A50052AE3F = {
			isa = PBXGroup;
			children = (
				F861E3B52A60684F0052AE3F /* Domain */,
				F861E3C52A606C7A0052AE3F /* Data */,
				F861E3CF2A606C7A0052AE3F /* DataTests */,
				F861E3A62A6067A50052AE3F /* Products */,
				F861E3D92A606CDB0052AE3F /* Frameworks */,
			);
			sourceTree = "<group>";
		};
		F861E3A62A6067A50052AE3F /* Products */ = {
			isa = PBXGroup;
			children = (
				F861E3B42A60684F0052AE3F /* Domain.framework */,
				F861E3C42A606C7A0052AE3F /* Data.framework */,
				F861E3CB2A606C7A0052AE3F /* DataTests.xctest */,
			);
			name = Products;
			sourceTree = "<group>";
		};
		F861E3B52A60684F0052AE3F /* Domain */ = {
			isa = PBXGroup;
			children = (
				F8F1B6EF2A61D9B6007AA978 /* Errors */,
				F8F1B6EB2A61C0B1007AA978 /* Models */,
				F8F1B6EA2A61C0A8007AA978 /* UseCases */,
			);
			path = Domain;
			sourceTree = "<group>";
		};
		F861E3C52A606C7A0052AE3F /* Data */ = {
			isa = PBXGroup;
			children = (
				F8F1B6ED2A61C0F0007AA978 /* Http */,
				F8F1B6EC2A61C0E3007AA978 /* UseCases */,
			);
			path = Data;
			sourceTree = "<group>";
		};
		F861E3CF2A606C7A0052AE3F /* DataTests */ = {
			isa = PBXGroup;
			children = (
				F8F1B6EE2A61C106007AA978 /* Usecases */,
			);
			path = DataTests;
			sourceTree = "<group>";
		};
		F861E3D92A606CDB0052AE3F /* Frameworks */ = {
			isa = PBXGroup;
			children = (
			);
			name = Frameworks;
			sourceTree = "<group>";
		};
		F8F1B6EA2A61C0A8007AA978 /* UseCases */ = {
			isa = PBXGroup;
			children = (
				F861E3BB2A606B150052AE3F /* AddAccount.swift */,
			);
			path = UseCases;
			sourceTree = "<group>";
		};
		F8F1B6EB2A61C0B1007AA978 /* Models */ = {
			isa = PBXGroup;
			children = (
				F861E3BD2A606C0E0052AE3F /* AccountModel.swift */,
				F8F1B6E42A61BC7A007AA978 /* Model.swift */,
			);
			path = Models;
			sourceTree = "<group>";
		};
		F8F1B6EC2A61C0E3007AA978 /* UseCases */ = {
			isa = PBXGroup;
			children = (
				F8F1B6E62A61C014007AA978 /* RemoteAddAccount.swift */,
			);
			path = UseCases;
			sourceTree = "<group>";
		};
		F8F1B6ED2A61C0F0007AA978 /* Http */ = {
			isa = PBXGroup;
			children = (
				F8F1B6E82A61C055007AA978 /* HttpPostClient.swift */,
				F8F1B6F22A61DE69007AA978 /* HttpError.swift */,
			);
			path = Http;
			sourceTree = "<group>";
		};
		F8F1B6EE2A61C106007AA978 /* Usecases */ = {
			isa = PBXGroup;
			children = (
				F861E3D02A606C7A0052AE3F /* RemoteAddAccountTests.swift */,
			);
			path = Usecases;
			sourceTree = "<group>";
		};
		F8F1B6EF2A61D9B6007AA978 /* Errors */ = {
			isa = PBXGroup;
			children = (
				F8F1B6F02A61D9C2007AA978 /* DomainError.swift */,
			);
			path = Errors;
			sourceTree = "<group>";
		};
/* End PBXGroup section */

/* Begin PBXHeadersBuildPhase section */
		F861E3AF2A60684F0052AE3F /* Headers */ = {
			isa = PBXHeadersBuildPhase;
			buildActionMask = 2147483647;
			files = (
			);
			runOnlyForDeploymentPostprocessing = 0;
		};
		F861E3BF2A606C7A0052AE3F /* Headers */ = {
			isa = PBXHeadersBuildPhase;
			buildActionMask = 2147483647;
			files = (
			);
			runOnlyForDeploymentPostprocessing = 0;
		};
/* End PBXHeadersBuildPhase section */

/* Begin PBXNativeTarget section */
		F861E3B32A60684F0052AE3F /* Domain */ = {
			isa = PBXNativeTarget;
			buildConfigurationList = F861E3B82A60684F0052AE3F /* Build configuration list for PBXNativeTarget "Domain" */;
			buildPhases = (
				F861E3AF2A60684F0052AE3F /* Headers */,
				F861E3B02A60684F0052AE3F /* Sources */,
				F861E3B12A60684F0052AE3F /* Frameworks */,
				F861E3B22A60684F0052AE3F /* Resources */,
			);
			buildRules = (
			);
			dependencies = (
			);
			name = Domain;
			productName = Domain;
			productReference = F861E3B42A60684F0052AE3F /* Domain.framework */;
			productType = "com.apple.product-type.framework";
		};
		F861E3C32A606C7A0052AE3F /* Data */ = {
			isa = PBXNativeTarget;
			buildConfigurationList = F861E3D32A606C7A0052AE3F /* Build configuration list for PBXNativeTarget "Data" */;
			buildPhases = (
				F861E3BF2A606C7A0052AE3F /* Headers */,
				F861E3C02A606C7A0052AE3F /* Sources */,
				F861E3C12A606C7A0052AE3F /* Frameworks */,
				F861E3C22A606C7A0052AE3F /* Resources */,
				F861E3DE2A606CDB0052AE3F /* Embed Frameworks */,
			);
			buildRules = (
			);
			dependencies = (
				F861E3DD2A606CDB0052AE3F /* PBXTargetDependency */,
			);
			name = Data;
			productName = Data;
			productReference = F861E3C42A606C7A0052AE3F /* Data.framework */;
			productType = "com.apple.product-type.framework";
		};
		F861E3CA2A606C7A0052AE3F /* DataTests */ = {
			isa = PBXNativeTarget;
			buildConfigurationList = F861E3D62A606C7A0052AE3F /* Build configuration list for PBXNativeTarget "DataTests" */;
			buildPhases = (
				F861E3C72A606C7A0052AE3F /* Sources */,
				F861E3C82A606C7A0052AE3F /* Frameworks */,
				F861E3C92A606C7A0052AE3F /* Resources */,
			);
			buildRules = (
			);
			dependencies = (
				F861E3CE2A606C7A0052AE3F /* PBXTargetDependency */,
			);
			name = DataTests;
			productName = DataTests;
			productReference = F861E3CB2A606C7A0052AE3F /* DataTests.xctest */;
			productType = "com.apple.product-type.bundle.unit-test";
		};
/* End PBXNativeTarget section */

/* Begin PBXProject section */
		F861E39C2A6067A50052AE3F /* Project object */ = {
			isa = PBXProject;
			attributes = {
				BuildIndependentTargetsInParallel = 1;
				LastSwiftUpdateCheck = 1420;
				LastUpgradeCheck = 1420;
				TargetAttributes = {
					F861E3B32A60684F0052AE3F = {
						CreatedOnToolsVersion = 14.2;
						LastSwiftMigration = 1420;
					};
					F861E3C32A606C7A0052AE3F = {
						CreatedOnToolsVersion = 14.2;
						LastSwiftMigration = 1420;
					};
					F861E3CA2A606C7A0052AE3F = {
						CreatedOnToolsVersion = 14.2;
					};
				};
			};
			buildConfigurationList = F861E39F2A6067A50052AE3F /* Build configuration list for PBXProject "CleanApp" */;
			compatibilityVersion = "Xcode 14.0";
			developmentRegion = en;
			hasScannedForEncodings = 0;
			knownRegions = (
				en,
				Base,
			);
			mainGroup = F861E39B2A6067A50052AE3F;
			productRefGroup = F861E3A62A6067A50052AE3F /* Products */;
			projectDirPath = "";
			projectRoot = "";
			targets = (
				F861E3B32A60684F0052AE3F /* Domain */,
				F861E3C32A606C7A0052AE3F /* Data */,
				F861E3CA2A606C7A0052AE3F /* DataTests */,
			);
		};
/* End PBXProject section */

/* Begin PBXResourcesBuildPhase section */
		F861E3B22A60684F0052AE3F /* Resources */ = {
			isa = PBXResourcesBuildPhase;
			buildActionMask = 2147483647;
			files = (
			);
			runOnlyForDeploymentPostprocessing = 0;
		};
		F861E3C22A606C7A0052AE3F /* Resources */ = {
			isa = PBXResourcesBuildPhase;
			buildActionMask = 2147483647;
			files = (
			);
			runOnlyForDeploymentPostprocessing = 0;
		};
		F861E3C92A606C7A0052AE3F /* Resources */ = {
			isa = PBXResourcesBuildPhase;
			buildActionMask = 2147483647;
			files = (
			);
			runOnlyForDeploymentPostprocessing = 0;
		};
/* End PBXResourcesBuildPhase section */

/* Begin PBXSourcesBuildPhase section */
		F861E3B02A60684F0052AE3F /* Sources */ = {
			isa = PBXSourcesBuildPhase;
			buildActionMask = 2147483647;
			files = (
				F8F1B6E52A61BC7A007AA978 /* Model.swift in Sources */,
				F861E3BC2A606B150052AE3F /* AddAccount.swift in Sources */,
				F8F1B6F12A61D9C2007AA978 /* DomainError.swift in Sources */,
				F861E3BE2A606C0E0052AE3F /* AccountModel.swift in Sources */,
			);
			runOnlyForDeploymentPostprocessing = 0;
		};
		F861E3C02A606C7A0052AE3F /* Sources */ = {
			isa = PBXSourcesBuildPhase;
			buildActionMask = 2147483647;
			files = (
				F8F1B6E92A61C055007AA978 /* HttpPostClient.swift in Sources */,
				F8F1B6F32A61DE69007AA978 /* HttpError.swift in Sources */,
				F8F1B6E72A61C014007AA978 /* RemoteAddAccount.swift in Sources */,
			);
			runOnlyForDeploymentPostprocessing = 0;
		};
		F861E3C72A606C7A0052AE3F /* Sources */ = {
			isa = PBXSourcesBuildPhase;
			buildActionMask = 2147483647;
			files = (
				F861E3D12A606C7A0052AE3F /* RemoteAddAccountTests.swift in Sources */,
			);
			runOnlyForDeploymentPostprocessing = 0;
		};
/* End PBXSourcesBuildPhase section */

/* Begin PBXTargetDependency section */
		F861E3CE2A606C7A0052AE3F /* PBXTargetDependency */ = {
			isa = PBXTargetDependency;
			target = F861E3C32A606C7A0052AE3F /* Data */;
			targetProxy = F861E3CD2A606C7A0052AE3F /* PBXContainerItemProxy */;
		};
		F861E3DD2A606CDB0052AE3F /* PBXTargetDependency */ = {
			isa = PBXTargetDependency;
			target = F861E3B32A60684F0052AE3F /* Domain */;
			targetProxy = F861E3DC2A606CDB0052AE3F /* PBXContainerItemProxy */;
		};
/* End PBXTargetDependency section */

/* Begin XCBuildConfiguration section */
		F861E3AA2A6067A50052AE3F /* Debug */ = {
			isa = XCBuildConfiguration;
			buildSettings = {
				ALWAYS_SEARCH_USER_PATHS = NO;
				CLANG_ANALYZER_NONNULL = YES;
				CLANG_ANALYZER_NUMBER_OBJECT_CONVERSION = YES_AGGRESSIVE;
				CLANG_CXX_LANGUAGE_STANDARD = "gnu++20";
				CLANG_ENABLE_MODULES = YES;
				CLANG_ENABLE_OBJC_ARC = YES;
				CLANG_ENABLE_OBJC_WEAK = YES;
				CLANG_WARN_BLOCK_CAPTURE_AUTORELEASING = YES;
				CLANG_WARN_BOOL_CONVERSION = YES;
				CLANG_WARN_COMMA = YES;
				CLANG_WARN_CONSTANT_CONVERSION = YES;
				CLANG_WARN_DEPRECATED_OBJC_IMPLEMENTATIONS = YES;
				CLANG_WARN_DIRECT_OBJC_ISA_USAGE = YES_ERROR;
				CLANG_WARN_DOCUMENTATION_COMMENTS = YES;
				CLANG_WARN_EMPTY_BODY = YES;
				CLANG_WARN_ENUM_CONVERSION = YES;
				CLANG_WARN_INFINITE_RECURSION = YES;
				CLANG_WARN_INT_CONVERSION = YES;
				CLANG_WARN_NON_LITERAL_NULL_CONVERSION = YES;
				CLANG_WARN_OBJC_IMPLICIT_RETAIN_SELF = YES;
				CLANG_WARN_OBJC_LITERAL_CONVERSION = YES;
				CLANG_WARN_OBJC_ROOT_CLASS = YES_ERROR;
				CLANG_WARN_QUOTED_INCLUDE_IN_FRAMEWORK_HEADER = YES;
				CLANG_WARN_RANGE_LOOP_ANALYSIS = YES;
				CLANG_WARN_STRICT_PROTOTYPES = YES;
				CLANG_WARN_SUSPICIOUS_MOVE = YES;
				CLANG_WARN_UNGUARDED_AVAILABILITY = YES_AGGRESSIVE;
				CLANG_WARN_UNREACHABLE_CODE = YES;
				CLANG_WARN__DUPLICATE_METHOD_MATCH = YES;
				COPY_PHASE_STRIP = NO;
				CURRENT_PROJECT_VERSION = 1;
				DEBUG_INFORMATION_FORMAT = dwarf;
				ENABLE_STRICT_OBJC_MSGSEND = YES;
				ENABLE_TESTABILITY = YES;
				GCC_C_LANGUAGE_STANDARD = gnu11;
				GCC_DYNAMIC_NO_PIC = NO;
				GCC_NO_COMMON_BLOCKS = YES;
				GCC_OPTIMIZATION_LEVEL = 0;
				GCC_PREPROCESSOR_DEFINITIONS = (
					"DEBUG=1",
					"$(inherited)",
				);
				GCC_WARN_64_TO_32_BIT_CONVERSION = YES;
				GCC_WARN_ABOUT_RETURN_TYPE = YES_ERROR;
				GCC_WARN_UNDECLARED_SELECTOR = YES;
				GCC_WARN_UNINITIALIZED_AUTOS = YES_AGGRESSIVE;
				GCC_WARN_UNUSED_FUNCTION = YES;
				GCC_WARN_UNUSED_VARIABLE = YES;
				IPHONEOS_DEPLOYMENT_TARGET = 16.2;
				MTL_ENABLE_DEBUG_INFO = INCLUDE_SOURCE;
				MTL_FAST_MATH = YES;
				ONLY_ACTIVE_ARCH = YES;
				SDKROOT = iphoneos;
				SWIFT_ACTIVE_COMPILATION_CONDITIONS = DEBUG;
				SWIFT_OPTIMIZATION_LEVEL = "-Onone";
				VERSIONING_SYSTEM = "apple-generic";
				VERSION_INFO_PREFIX = "";
			};
			name = Debug;
		};
		F861E3AB2A6067A50052AE3F /* Release */ = {
			isa = XCBuildConfiguration;
			buildSettings = {
				ALWAYS_SEARCH_USER_PATHS = NO;
				CLANG_ANALYZER_NONNULL = YES;
				CLANG_ANALYZER_NUMBER_OBJECT_CONVERSION = YES_AGGRESSIVE;
				CLANG_CXX_LANGUAGE_STANDARD = "gnu++20";
				CLANG_ENABLE_MODULES = YES;
				CLANG_ENABLE_OBJC_ARC = YES;
				CLANG_ENABLE_OBJC_WEAK = YES;
				CLANG_WARN_BLOCK_CAPTURE_AUTORELEASING = YES;
				CLANG_WARN_BOOL_CONVERSION = YES;
				CLANG_WARN_COMMA = YES;
				CLANG_WARN_CONSTANT_CONVERSION = YES;
				CLANG_WARN_DEPRECATED_OBJC_IMPLEMENTATIONS = YES;
				CLANG_WARN_DIRECT_OBJC_ISA_USAGE = YES_ERROR;
				CLANG_WARN_DOCUMENTATION_COMMENTS = YES;
				CLANG_WARN_EMPTY_BODY = YES;
				CLANG_WARN_ENUM_CONVERSION = YES;
				CLANG_WARN_INFINITE_RECURSION = YES;
				CLANG_WARN_INT_CONVERSION = YES;
				CLANG_WARN_NON_LITERAL_NULL_CONVERSION = YES;
				CLANG_WARN_OBJC_IMPLICIT_RETAIN_SELF = YES;
				CLANG_WARN_OBJC_LITERAL_CONVERSION = YES;
				CLANG_WARN_OBJC_ROOT_CLASS = YES_ERROR;
				CLANG_WARN_QUOTED_INCLUDE_IN_FRAMEWORK_HEADER = YES;
				CLANG_WARN_RANGE_LOOP_ANALYSIS = YES;
				CLANG_WARN_STRICT_PROTOTYPES = YES;
				CLANG_WARN_SUSPICIOUS_MOVE = YES;
				CLANG_WARN_UNGUARDED_AVAILABILITY = YES_AGGRESSIVE;
				CLANG_WARN_UNREACHABLE_CODE = YES;
				CLANG_WARN__DUPLICATE_METHOD_MATCH = YES;
				COPY_PHASE_STRIP = NO;
				CURRENT_PROJECT_VERSION = 1;
				DEBUG_INFORMATION_FORMAT = "dwarf-with-dsym";
				ENABLE_NS_ASSERTIONS = NO;
				ENABLE_STRICT_OBJC_MSGSEND = YES;
				GCC_C_LANGUAGE_STANDARD = gnu11;
				GCC_NO_COMMON_BLOCKS = YES;
				GCC_WARN_64_TO_32_BIT_CONVERSION = YES;
				GCC_WARN_ABOUT_RETURN_TYPE = YES_ERROR;
				GCC_WARN_UNDECLARED_SELECTOR = YES;
				GCC_WARN_UNINITIALIZED_AUTOS = YES_AGGRESSIVE;
				GCC_WARN_UNUSED_FUNCTION = YES;
				GCC_WARN_UNUSED_VARIABLE = YES;
				IPHONEOS_DEPLOYMENT_TARGET = 16.2;
				MTL_ENABLE_DEBUG_INFO = NO;
				MTL_FAST_MATH = YES;
				SDKROOT = iphoneos;
				SWIFT_COMPILATION_MODE = wholemodule;
				SWIFT_OPTIMIZATION_LEVEL = "-O";
				VALIDATE_PRODUCT = YES;
				VERSIONING_SYSTEM = "apple-generic";
				VERSION_INFO_PREFIX = "";
			};
			name = Release;
		};
		F861E3B92A60684F0052AE3F /* Debug */ = {
			isa = XCBuildConfiguration;
			buildSettings = {
				CLANG_ENABLE_MODULES = YES;
				CODE_SIGN_STYLE = Automatic;
				COMBINE_HIDPI_IMAGES = YES;
				CURRENT_PROJECT_VERSION = 1;
				DEFINES_MODULE = YES;
				DYLIB_COMPATIBILITY_VERSION = 1;
				DYLIB_CURRENT_VERSION = 1;
				DYLIB_INSTALL_NAME_BASE = "@rpath";
				GENERATE_INFOPLIST_FILE = YES;
				INFOPLIST_KEY_NSHumanReadableCopyright = "";
				INSTALL_PATH = "$(LOCAL_LIBRARY_DIR)/Frameworks";
				LD_RUNPATH_SEARCH_PATHS = (
					"$(inherited)",
					"@executable_path/../Frameworks",
					"@loader_path/Frameworks",
				);
				MACOSX_DEPLOYMENT_TARGET = 12.6;
				MARKETING_VERSION = 1.0;
				PRODUCT_BUNDLE_IDENTIFIER = br.com.nikolas.Domain;
				PRODUCT_NAME = "$(TARGET_NAME:c99extidentifier)";
				SDKROOT = macosx;
				SKIP_INSTALL = YES;
				SWIFT_EMIT_LOC_STRINGS = YES;
				SWIFT_OPTIMIZATION_LEVEL = "-Onone";
				SWIFT_VERSION = 5.0;
			};
			name = Debug;
		};
		F861E3BA2A60684F0052AE3F /* Release */ = {
			isa = XCBuildConfiguration;
			buildSettings = {
				CLANG_ENABLE_MODULES = YES;
				CODE_SIGN_STYLE = Automatic;
				COMBINE_HIDPI_IMAGES = YES;
				CURRENT_PROJECT_VERSION = 1;
				DEFINES_MODULE = YES;
				DYLIB_COMPATIBILITY_VERSION = 1;
				DYLIB_CURRENT_VERSION = 1;
				DYLIB_INSTALL_NAME_BASE = "@rpath";
				GENERATE_INFOPLIST_FILE = YES;
				INFOPLIST_KEY_NSHumanReadableCopyright = "";
				INSTALL_PATH = "$(LOCAL_LIBRARY_DIR)/Frameworks";
				LD_RUNPATH_SEARCH_PATHS = (
					"$(inherited)",
					"@executable_path/../Frameworks",
					"@loader_path/Frameworks",
				);
				MACOSX_DEPLOYMENT_TARGET = 12.6;
				MARKETING_VERSION = 1.0;
				PRODUCT_BUNDLE_IDENTIFIER = br.com.nikolas.Domain;
				PRODUCT_NAME = "$(TARGET_NAME:c99extidentifier)";
				SDKROOT = macosx;
				SKIP_INSTALL = YES;
				SWIFT_EMIT_LOC_STRINGS = YES;
				SWIFT_VERSION = 5.0;
			};
			name = Release;
		};
		F861E3D42A606C7A0052AE3F /* Debug */ = {
			isa = XCBuildConfiguration;
			buildSettings = {
				CLANG_ENABLE_MODULES = YES;
				CODE_SIGN_STYLE = Automatic;
				COMBINE_HIDPI_IMAGES = YES;
				CURRENT_PROJECT_VERSION = 1;
				DEFINES_MODULE = YES;
				DYLIB_COMPATIBILITY_VERSION = 1;
				DYLIB_CURRENT_VERSION = 1;
				DYLIB_INSTALL_NAME_BASE = "@rpath";
				GENERATE_INFOPLIST_FILE = YES;
				INFOPLIST_KEY_NSHumanReadableCopyright = "";
				INSTALL_PATH = "$(LOCAL_LIBRARY_DIR)/Frameworks";
				LD_RUNPATH_SEARCH_PATHS = (
					"$(inherited)",
					"@executable_path/../Frameworks",
					"@loader_path/Frameworks",
				);
				MACOSX_DEPLOYMENT_TARGET = 12.6;
				MARKETING_VERSION = 1.0;
				PRODUCT_BUNDLE_IDENTIFIER = br.com.nikolas.Data;
				PRODUCT_NAME = "$(TARGET_NAME:c99extidentifier)";
				SDKROOT = macosx;
				SKIP_INSTALL = YES;
				SWIFT_EMIT_LOC_STRINGS = YES;
				SWIFT_OPTIMIZATION_LEVEL = "-Onone";
				SWIFT_VERSION = 5.0;
			};
			name = Debug;
		};
		F861E3D52A606C7A0052AE3F /* Release */ = {
			isa = XCBuildConfiguration;
			buildSettings = {
				CLANG_ENABLE_MODULES = YES;
				CODE_SIGN_STYLE = Automatic;
				COMBINE_HIDPI_IMAGES = YES;
				CURRENT_PROJECT_VERSION = 1;
				DEFINES_MODULE = YES;
				DYLIB_COMPATIBILITY_VERSION = 1;
				DYLIB_CURRENT_VERSION = 1;
				DYLIB_INSTALL_NAME_BASE = "@rpath";
				GENERATE_INFOPLIST_FILE = YES;
				INFOPLIST_KEY_NSHumanReadableCopyright = "";
				INSTALL_PATH = "$(LOCAL_LIBRARY_DIR)/Frameworks";
				LD_RUNPATH_SEARCH_PATHS = (
					"$(inherited)",
					"@executable_path/../Frameworks",
					"@loader_path/Frameworks",
				);
				MACOSX_DEPLOYMENT_TARGET = 12.6;
				MARKETING_VERSION = 1.0;
				PRODUCT_BUNDLE_IDENTIFIER = br.com.nikolas.Data;
				PRODUCT_NAME = "$(TARGET_NAME:c99extidentifier)";
				SDKROOT = macosx;
				SKIP_INSTALL = YES;
				SWIFT_EMIT_LOC_STRINGS = YES;
				SWIFT_VERSION = 5.0;
			};
			name = Release;
		};
		F861E3D72A606C7A0052AE3F /* Debug */ = {
			isa = XCBuildConfiguration;
			buildSettings = {
				ALWAYS_EMBED_SWIFT_STANDARD_LIBRARIES = YES;
				CODE_SIGN_STYLE = Automatic;
				CURRENT_PROJECT_VERSION = 1;
				GENERATE_INFOPLIST_FILE = YES;
				MACOSX_DEPLOYMENT_TARGET = 12.6;
				MARKETING_VERSION = 1.0;
				PRODUCT_BUNDLE_IDENTIFIER = br.com.nikolas.DataTests;
				PRODUCT_NAME = "$(TARGET_NAME)";
				SDKROOT = macosx;
				SWIFT_EMIT_LOC_STRINGS = NO;
				SWIFT_VERSION = 5.0;
			};
			name = Debug;
		};
		F861E3D82A606C7A0052AE3F /* Release */ = {
			isa = XCBuildConfiguration;
			buildSettings = {
				ALWAYS_EMBED_SWIFT_STANDARD_LIBRARIES = YES;
				CODE_SIGN_STYLE = Automatic;
				CURRENT_PROJECT_VERSION = 1;
				GENERATE_INFOPLIST_FILE = YES;
				MACOSX_DEPLOYMENT_TARGET = 12.6;
				MARKETING_VERSION = 1.0;
				PRODUCT_BUNDLE_IDENTIFIER = br.com.nikolas.DataTests;
				PRODUCT_NAME = "$(TARGET_NAME)";
				SDKROOT = macosx;
				SWIFT_EMIT_LOC_STRINGS = NO;
				SWIFT_VERSION = 5.0;
			};
			name = Release;
		};
/* End XCBuildConfiguration section */

/* Begin XCConfigurationList section */
		F861E39F2A6067A50052AE3F /* Build configuration list for PBXProject "CleanApp" */ = {
			isa = XCConfigurationList;
			buildConfigurations = (
				F861E3AA2A6067A50052AE3F /* Debug */,
				F861E3AB2A6067A50052AE3F /* Release */,
			);
			defaultConfigurationIsVisible = 0;
			defaultConfigurationName = Release;
		};
		F861E3B82A60684F0052AE3F /* Build configuration list for PBXNativeTarget "Domain" */ = {
			isa = XCConfigurationList;
			buildConfigurations = (
				F861E3B92A60684F0052AE3F /* Debug */,
				F861E3BA2A60684F0052AE3F /* Release */,
			);
			defaultConfigurationIsVisible = 0;
			defaultConfigurationName = Release;
		};
		F861E3D32A606C7A0052AE3F /* Build configuration list for PBXNativeTarget "Data" */ = {
			isa = XCConfigurationList;
			buildConfigurations = (
				F861E3D42A606C7A0052AE3F /* Debug */,
				F861E3D52A606C7A0052AE3F /* Release */,
			);
			defaultConfigurationIsVisible = 0;
			defaultConfigurationName = Release;
		};
		F861E3D62A606C7A0052AE3F /* Build configuration list for PBXNativeTarget "DataTests" */ = {
			isa = XCConfigurationList;
			buildConfigurations = (
				F861E3D72A606C7A0052AE3F /* Debug */,
				F861E3D82A606C7A0052AE3F /* Release */,
			);
			defaultConfigurationIsVisible = 0;
			defaultConfigurationName = Release;
		};
/* End XCConfigurationList section */
	};
	rootObject = F861E39C2A6067A50052AE3F /* Project object */;
}
